
Microsoft Visual Studio Solution File, Format Version 12.00
# Visual Studio Version 16
VisualStudioVersion = 16.0.34931.43
MinimumVisualStudioVersion = 10.0.40219.1
Project("{FAE04EC0-301F-11D3-BF4B-00C04F79EFBC}") = "HallBookingManagementSystem", "HallBookingManagementSystem.csproj", "{DE0F5A0F-B431-41C5-B400-EFA96AA22DBF}"
EndProject
Global
	GlobalSection(SolutionConfigurationPlatforms) = preSolution
		Debug|Any CPU = Debug|Any CPU
		Release|Any CPU = Release|Any CPU
	EndGlobalSection
	GlobalSection(ProjectConfigurationPlatforms) = postSolution
		{DE0F5A0F-B431-41C5-B400-EFA96AA22DBF}.Debug|Any CPU.ActiveCfg = Debug|Any CPU
		{DE0F5A0F-B431-41C5-B400-EFA96AA22DBF}.Debug|Any CPU.Build.0 = Debug|Any CPU
		{DE0F5A0F-B431-41C5-B400-EFA96AA22DBF}.Release|Any CPU.ActiveCfg = Release|Any CPU
		{DE0F5A0F-B431-41C5-B400-EFA96AA22DBF}.Release|Any CPU.Build.0 = Release|Any CPU
	EndGlobalSection
	GlobalSection(SolutionProperties) = preSolution
		HideSolutionNode = FALSE
	EndGlobalSection
	GlobalSection(ExtensibilityGlobals) = postSolution
		SolutionGuid = {D42C559C-B31F-49AE-A4A3-4718E24CB180}
	EndGlobalSection
EndGlobal
